
Microsoft Visual Studio Solution File, Format Version 12.00
# Visual Studio Version 16
VisualStudioVersion = 16.0.30803.129
MinimumVisualStudioVersion = 10.0.40219.1
Project("{FAE04EC0-301F-11D3-BF4B-00C04F79EFBC}") = "TA.GitVersionIssue", "TA.GitVersionIssue\TA.GitVersionIssue.csproj", "{BA17A810-0526-4905-B9BB-E55E89756D50}"
EndProject
Global
	GlobalSection(SolutionConfigurationPlatforms) = preSolution
		Debug|Any CPU = Debug|Any CPU
		Release|Any CPU = Release|Any CPU
	EndGlobalSection
	GlobalSection(ProjectConfigurationPlatforms) = postSolution
		{BA17A810-0526-4905-B9BB-E55E89756D50}.Debug|Any CPU.ActiveCfg = Debug|Any CPU
		{BA17A810-0526-4905-B9BB-E55E89756D50}.Debug|Any CPU.Build.0 = Debug|Any CPU
		{BA17A810-0526-4905-B9BB-E55E89756D50}.Release|Any CPU.ActiveCfg = Release|Any CPU
		{BA17A810-0526-4905-B9BB-E55E89756D50}.Release|Any CPU.Build.0 = Release|Any CPU
	EndGlobalSection
	GlobalSection(SolutionProperties) = preSolution
		HideSolutionNode = FALSE
	EndGlobalSection
	GlobalSection(ExtensibilityGlobals) = postSolution
		SolutionGuid = {08025065-005B-45CE-9C4A-B4C449A1940E}
	EndGlobalSection
EndGlobal
